<?xml version="1.0" encoding="utf-8"?>
<Project ToolsVersion="4.0" xmlns="http://schemas.microsoft.com/developer/msbuild/2003">
  <ItemGroup>
    <Filter Include="源文件">
      <UniqueIdentifier>{4FC737F1-C7A5-4376-A066-2A32D752A2FF}</UniqueIdentifier>
      <Extensions>cpp;c;cc;cxx;def;odl;idl;hpj;bat;asm;asmx</Extensions>
    </Filter>
    <Filter Include="头文件">
      <UniqueIdentifier>{93995380-89BD-4b04-88EB-625FBE52EBFB}</UniqueIdentifier>
      <Extensions>h;hh;hpp;hxx;hm;inl;inc;xsd</Extensions>
    </Filter>
    <Filter Include="资源文件">
      <UniqueIdentifier>{67DA6AB6-F800-4c08-8B7A-83BB121AAD01}</UniqueIdentifier>
      <Extensions>rc;ico;cur;bmp;dlg;rc2;rct;bin;rgs;gif;jpg;jpeg;jpe;resx;tiff;tif;png;wav;mfcribbon-ms</Extensions>
    </Filter>
    <Filter Include="头文件\msword">
      <UniqueIdentifier>{274b96cd-a527-4935-8058-16f438eb745e}</UniqueIdentifier>
    </Filter>
  </ItemGroup>
  <ItemGroup>
    <Text Include="ReadMe.txt" />
  </ItemGroup>
  <ItemGroup>
    <ClInclude Include="KiwiSdiExec.h">
      <Filter>头文件</Filter>
    </ClInclude>
    <ClInclude Include="stdafx.h">
      <Filter>头文件</Filter>
    </ClInclude>
    <ClInclude Include="targetver.h">
      <Filter>头文件</Filter>
    </ClInclude>
    <ClInclude Include="MainFrm.h">
      <Filter>头文件</Filter>
    </ClInclude>
    <ClInclude Include="KiwiSdiExecDoc.h">
      <Filter>头文件</Filter>
    </ClInclude>
    <ClInclude Include="KiwiSdiExecView.h">
      <Filter>头文件</Filter>
    </ClInclude>
    <ClInclude Include="Resource.h">
      <Filter>头文件</Filter>
    </ClInclude>
    <ClInclude Include="PersonalForm02.h">
      <Filter>头文件</Filter>
    </ClInclude>
    <ClInclude Include="PersonalForm01.h">
      <Filter>头文件</Filter>
    </ClInclude>
    <ClInclude Include="PaneOrgnization.h">
      <Filter>头文件</Filter>
    </ClInclude>
    <ClInclude Include="PaneShortcut.h">
      <Filter>头文件</Filter>
    </ClInclude>
    <ClInclude Include="PersonalSummary.h">
      <Filter>头文件</Filter>
    </ClInclude>
    <ClInclude Include="DlgNewFolder.h">
      <Filter>头文件</Filter>
    </ClInclude>
    <ClInclude Include="SQLiteHelper.h">
      <Filter>头文件</Filter>
    </ClInclude>
    <ClInclude Include="DlgNewFile.h">
      <Filter>头文件</Filter>
    </ClInclude>
    <ClInclude Include="DlgNewForm.h">
      <Filter>头文件</Filter>
    </ClInclude>
    <ClInclude Include="DatePickerCombo.h">
      <Filter>头文件</Filter>
    </ClInclude>
    <ClInclude Include="msword\CApplication.h">
      <Filter>头文件\msword</Filter>
    </ClInclude>
    <ClInclude Include="msword\CBookmark0.h">
      <Filter>头文件\msword</Filter>
    </ClInclude>
    <ClInclude Include="msword\CBookmarks.h">
      <Filter>头文件\msword</Filter>
    </ClInclude>
    <ClInclude Include="msword\CBorder.h">
      <Filter>头文件\msword</Filter>
    </ClInclude>
    <ClInclude Include="msword\CBorders.h">
      <Filter>头文件\msword</Filter>
    </ClInclude>
    <ClInclude Include="msword\CCell.h">
      <Filter>头文件\msword</Filter>
    </ClInclude>
    <ClInclude Include="msword\CCells.h">
      <Filter>头文件\msword</Filter>
    </ClInclude>
    <ClInclude Include="msword\CColumn.h">
      <Filter>头文件\msword</Filter>
    </ClInclude>
    <ClInclude Include="msword\CColumns0.h">
      <Filter>头文件\msword</Filter>
    </ClInclude>
    <ClInclude Include="msword\CDocument0.h">
      <Filter>头文件\msword</Filter>
    </ClInclude>
    <ClInclude Include="msword\CDocuments.h">
      <Filter>头文件\msword</Filter>
    </ClInclude>
    <ClInclude Include="msword\CFont0.h">
      <Filter>头文件\msword</Filter>
    </ClInclude>
    <ClInclude Include="msword\CPageSetup.h">
      <Filter>头文件\msword</Filter>
    </ClInclude>
    <ClInclude Include="msword\CParagraph.h">
      <Filter>头文件\msword</Filter>
    </ClInclude>
    <ClInclude Include="msword\CParagraphs.h">
      <Filter>头文件\msword</Filter>
    </ClInclude>
    <ClInclude Include="msword\CRange.h">
      <Filter>头文件\msword</Filter>
    </ClInclude>
    <ClInclude Include="msword\CRow.h">
      <Filter>头文件\msword</Filter>
    </ClInclude>
    <ClInclude Include="msword\CRows.h">
      <Filter>头文件\msword</Filter>
    </ClInclude>
    <ClInclude Include="msword\CSelection.h">
      <Filter>头文件\msword</Filter>
    </ClInclude>
    <ClInclude Include="msword\CTable0.h">
      <Filter>头文件\msword</Filter>
    </ClInclude>
    <ClInclude Include="msword\CTables0.h">
      <Filter>头文件\msword</Filter>
    </ClInclude>
    <ClInclude Include="msword\msword.h">
      <Filter>头文件\msword</Filter>
    </ClInclude>
    <ClInclude Include="msword\CnlineShape.h">
      <Filter>头文件\msword</Filter>
    </ClInclude>
    <ClInclude Include="msword\CnlineShapes.h">
      <Filter>头文件\msword</Filter>
    </ClInclude>
    <ClInclude Include="Utility.h">
      <Filter>头文件</Filter>
    </ClInclude>
    <ClInclude Include="PersonalForm03.h">
      <Filter>头文件</Filter>
    </ClInclude>
    <ClInclude Include="PersonalForm04.h">
      <Filter>头文件</Filter>
    </ClInclude>
    <ClInclude Include="PersonalForm05.h">
      <Filter>头文件</Filter>
    </ClInclude>
    <ClInclude Include="PersonalForm06.h">
      <Filter>头文件</Filter>
    </ClInclude>
    <ClInclude Include="PersonalForm07.h">
      <Filter>头文件</Filter>
    </ClInclude>
    <ClInclude Include="PersonalForm08.h">
      <Filter>头文件</Filter>
    </ClInclude>
    <ClInclude Include="PersonalForm09.h">
      <Filter>头文件</Filter>
    </ClInclude>
    <ClInclude Include="PersonalForm10.h">
      <Filter>头文件</Filter>
    </ClInclude>
    <ClInclude Include="PersonalForm11.h">
      <Filter>头文件</Filter>
    </ClInclude>
    <ClInclude Include="PersonalForm12.h">
      <Filter>头文件</Filter>
    </ClInclude>
    <ClInclude Include="PersonalForm13.h">
      <Filter>头文件</Filter>
    </ClInclude>
    <ClInclude Include="PersonalForm14.h">
      <Filter>头文件</Filter>
    </ClInclude>
    <ClInclude Include="PersonalForm15.h">
      <Filter>头文件</Filter>
    </ClInclude>
    <ClInclude Include="PersonalForm16.h">
      <Filter>头文件</Filter>
    </ClInclude>
    <ClInclude Include="PersonalForm17.h">
      <Filter>头文件</Filter>
    </ClInclude>
    <ClInclude Include="PersonalForm18.h">
      <Filter>头文件</Filter>
    </ClInclude>
    <ClInclude Include="PersonalForm19.h">
      <Filter>头文件</Filter>
    </ClInclude>
    <ClInclude Include="PersonalForm20.h">
      <Filter>头文件</Filter>
    </ClInclude>
    <ClInclude Include="PersonalForm21.h">
      <Filter>头文件</Filter>
    </ClInclude>
    <ClInclude Include="PersonalForm22.h">
      <Filter>头文件</Filter>
    </ClInclude>
    <ClInclude Include="PersonalForm23.h">
      <Filter>头文件</Filter>
    </ClInclude>
    <ClInclude Include="PersonalForm24.h">
      <Filter>头文件</Filter>
    </ClInclude>
    <ClInclude Include="DlgLogin.h">
      <Filter>头文件</Filter>
    </ClInclude>
    <ClInclude Include="SplashWnd.h">
      <Filter>头文件</Filter>
    </ClInclude>
    <ClInclude Include="QueryByFolder.h">
      <Filter>头文件</Filter>
    </ClInclude>
    <ClInclude Include="ButtonEx.h">
      <Filter>头文件</Filter>
    </ClInclude>
    <ClInclude Include="ListCtrlEx.h">
      <Filter>头文件</Filter>
    </ClInclude>
    <ClInclude Include="PersonalFormInterface.h">
      <Filter>头文件</Filter>
    </ClInclude>
    <ClInclude Include="DlgBackupDatabase.h">
      <Filter>头文件</Filter>
    </ClInclude>
    <ClInclude Include="DlgNewUser.h">
      <Filter>头文件</Filter>
    </ClInclude>
    <ClInclude Include="DlgQueryBy.h">
      <Filter>头文件</Filter>
    </ClInclude>
  </ItemGroup>
  <ItemGroup>
    <ClCompile Include="KiwiSdiExec.cpp">
      <Filter>源文件</Filter>
    </ClCompile>
    <ClCompile Include="stdafx.cpp">
      <Filter>源文件</Filter>
    </ClCompile>
    <ClCompile Include="MainFrm.cpp">
      <Filter>源文件</Filter>
    </ClCompile>
    <ClCompile Include="KiwiSdiExecDoc.cpp">
      <Filter>源文件</Filter>
    </ClCompile>
    <ClCompile Include="KiwiSdiExecView.cpp">
      <Filter>源文件</Filter>
    </ClCompile>
    <ClCompile Include="PersonalForm02.cpp">
      <Filter>源文件</Filter>
    </ClCompile>
    <ClCompile Include="PersonalForm01.cpp">
      <Filter>源文件</Filter>
    </ClCompile>
    <ClCompile Include="PaneOrgnization.cpp">
      <Filter>源文件</Filter>
    </ClCompile>
    <ClCompile Include="PaneShortcut.cpp">
      <Filter>源文件</Filter>
    </ClCompile>
    <ClCompile Include="PersonalSummary.cpp">
      <Filter>源文件</Filter>
    </ClCompile>
    <ClCompile Include="DlgNewFolder.cpp">
      <Filter>源文件</Filter>
    </ClCompile>
    <ClCompile Include="SQLiteHelper.cpp">
      <Filter>源文件</Filter>
    </ClCompile>
    <ClCompile Include="DlgNewFile.cpp">
      <Filter>源文件</Filter>
    </ClCompile>
    <ClCompile Include="DlgNewForm.cpp">
      <Filter>源文件</Filter>
    </ClCompile>
    <ClCompile Include="DatePickerCombo.cpp">
      <Filter>源文件</Filter>
    </ClCompile>
    <ClCompile Include="Utility.cpp">
      <Filter>源文件</Filter>
    </ClCompile>
    <ClCompile Include="PersonalForm03.cpp">
      <Filter>源文件</Filter>
    </ClCompile>
    <ClCompile Include="PersonalForm04.cpp">
      <Filter>源文件</Filter>
    </ClCompile>
    <ClCompile Include="PersonalForm05.cpp">
      <Filter>源文件</Filter>
    </ClCompile>
    <ClCompile Include="PersonalForm06.cpp">
      <Filter>源文件</Filter>
    </ClCompile>
    <ClCompile Include="PersonalForm07.cpp">
      <Filter>源文件</Filter>
    </ClCompile>
    <ClCompile Include="PersonalForm08.cpp">
      <Filter>源文件</Filter>
    </ClCompile>
    <ClCompile Include="PersonalForm09.cpp">
      <Filter>源文件</Filter>
    </ClCompile>
    <ClCompile Include="PersonalForm10.cpp">
      <Filter>源文件</Filter>
    </ClCompile>
    <ClCompile Include="PersonalForm11.cpp">
      <Filter>源文件</Filter>
    </ClCompile>
    <ClCompile Include="PersonalForm12.cpp">
      <Filter>源文件</Filter>
    </ClCompile>
    <ClCompile Include="PersonalForm13.cpp">
      <Filter>源文件</Filter>
    </ClCompile>
    <ClCompile Include="PersonalForm14.cpp">
      <Filter>源文件</Filter>
    </ClCompile>
    <ClCompile Include="PersonalForm15.cpp">
      <Filter>源文件</Filter>
    </ClCompile>
    <ClCompile Include="PersonalForm16.cpp">
      <Filter>源文件</Filter>
    </ClCompile>
    <ClCompile Include="PersonalForm17.cpp">
      <Filter>源文件</Filter>
    </ClCompile>
    <ClCompile Include="PersonalForm18.cpp">
      <Filter>源文件</Filter>
    </ClCompile>
    <ClCompile Include="PersonalForm19.cpp">
      <Filter>源文件</Filter>
    </ClCompile>
    <ClCompile Include="PersonalForm20.cpp">
      <Filter>源文件</Filter>
    </ClCompile>
    <ClCompile Include="PersonalForm21.cpp">
      <Filter>源文件</Filter>
    </ClCompile>
    <ClCompile Include="PersonalForm22.cpp">
      <Filter>源文件</Filter>
    </ClCompile>
    <ClCompile Include="PersonalForm23.cpp">
      <Filter>源文件</Filter>
    </ClCompile>
    <ClCompile Include="PersonalForm24.cpp">
      <Filter>源文件</Filter>
    </ClCompile>
    <ClCompile Include="DlgLogin.cpp">
      <Filter>源文件</Filter>
    </ClCompile>
    <ClCompile Include="SplashWnd.cpp">
      <Filter>源文件</Filter>
    </ClCompile>
    <ClCompile Include="QueryByFolder.cpp">
      <Filter>源文件</Filter>
    </ClCompile>
    <ClCompile Include="ButtonEx.cpp">
      <Filter>源文件</Filter>
    </ClCompile>
    <ClCompile Include="ListCtrlEx.cpp">
      <Filter>源文件</Filter>
    </ClCompile>
    <ClCompile Include="PersonalFormInterface.cpp">
      <Filter>源文件</Filter>
    </ClCompile>
    <ClCompile Include="DlgBackupDatabase.cpp">
      <Filter>源文件</Filter>
    </ClCompile>
    <ClCompile Include="DlgNewUser.cpp">
      <Filter>源文件</Filter>
    </ClCompile>
    <ClCompile Include="DlgQueryBy.cpp">
      <Filter>源文件</Filter>
    </ClCompile>
  </ItemGroup>
  <ItemGroup>
    <None Include="KiwiSdiExec.reg" />
    <None Include="res\KiwiSdiExec.rc2">
      <Filter>资源文件</Filter>
    </None>
  </ItemGroup>
  <ItemGroup>
    <ResourceCompile Include="KiwiSdiExec.rc">
      <Filter>资源文件</Filter>
    </ResourceCompile>
  </ItemGroup>
  <ItemGroup>
    <Image Include="res\KiwiSdiExecDoc.ico">
      <Filter>资源文件</Filter>
    </Image>
    <Image Include="res\KiwiSdiExec.ico">
      <Filter>资源文件</Filter>
    </Image>
    <Image Include="res\Toolbar.bmp">
      <Filter>资源文件</Filter>
    </Image>
    <Image Include="res\icon4.ico">
      <Filter>资源文件</Filter>
    </Image>
    <Image Include="res\icon8.ico">
      <Filter>资源文件</Filter>
    </Image>
    <Image Include="res\icon11.ico">
      <Filter>资源文件</Filter>
    </Image>
    <Image Include="res\icon14.ico">
      <Filter>资源文件</Filter>
    </Image>
    <Image Include="res\icon6.ico">
      <Filter>资源文件</Filter>
    </Image>
    <Image Include="res\icon1.ico">
      <Filter>资源文件</Filter>
    </Image>
    <Image Include="res\icon5.ico">
      <Filter>资源文件</Filter>
    </Image>
    <Image Include="res\icon7.ico">
      <Filter>资源文件</Filter>
    </Image>
    <Image Include="res\bitmap1.bmp">
      <Filter>资源文件</Filter>
    </Image>
    <Image Include="res\bitmap2.bmp">
      <Filter>资源文件</Filter>
    </Image>
    <Image Include="res\bmp00001.bmp">
      <Filter>资源文件</Filter>
    </Image>
    <Image Include="res\bmp00002.bmp">
      <Filter>资源文件</Filter>
    </Image>
    <Image Include="res\bitmap3.bmp">
      <Filter>资源文件</Filter>
    </Image>
    <Image Include="res\bmp00003.bmp">
      <Filter>资源文件</Filter>
    </Image>
    <Image Include="res\bitmap_x.bmp">
      <Filter>资源文件</Filter>
    </Image>
    <Image Include="res\bmp00004.bmp">
      <Filter>资源文件</Filter>
    </Image>
    <Image Include="res\ico00001.ico">
      <Filter>资源文件</Filter>
    </Image>
    <Image Include="res\splash.bmp">
      <Filter>资源文件</Filter>
    </Image>
  </ItemGroup>
</Project>